// !$*UTF8*$!
{
	archiveVersion = 1;
	classes = {
	};
	objectVersion = 50;
	objects = {

/* Begin PBXBuildFile section */
		5E474CC625DC3D20006BB83B /* CPPtoSwiftExampleApp.swift in Sources */ = {isa = PBXBuildFile; fileRef = 5E474CC525DC3D20006BB83B /* CPPtoSwiftExampleApp.swift */; };
		5E474CC825DC3D20006BB83B /* ContentView.swift in Sources */ = {isa = PBXBuildFile; fileRef = 5E474CC725DC3D20006BB83B /* ContentView.swift */; };
		5E474CCA25DC3D23006BB83B /* Assets.xcassets in Resources */ = {isa = PBXBuildFile; fileRef = 5E474CC925DC3D23006BB83B /* Assets.xcassets */; };
		5E474CCD25DC3D23006BB83B /* Preview Assets.xcassets in Resources */ = {isa = PBXBuildFile; fileRef = 5E474CCC25DC3D23006BB83B /* Preview Assets.xcassets */; };
		5E474CD825DC3D66006BB83B /* HelloWorld.cpp in Sources */ = {isa = PBXBuildFile; fileRef = 5E474CD625DC3D65006BB83B /* HelloWorld.cpp */; };
		5E474CDC25DC3E07006BB83B /* HelloWorldWrapper.mm in Sources */ = {isa = PBXBuildFile; fileRef = 5E474CDB25DC3E07006BB83B /* HelloWorldWrapper.mm */; };
/* End PBXBuildFile section */

/* Begin PBXFileReference section */
		5E474CC225DC3D20006BB83B /* CPPtoSwiftExample.app */ = {isa = PBXFileReference; explicitFileType = wrapper.application; includeInIndex = 0; path = CPPtoSwiftExample.app; sourceTree = BUILT_PRODUCTS_DIR; };
		5E474CC525DC3D20006BB83B /* CPPtoSwiftExampleApp.swift */ = {isa = PBXFileReference; lastKnownFileType = sourcecode.swift; path = CPPtoSwiftExampleApp.swift; sourceTree = "<group>"; };
		5E474CC725DC3D20006BB83B /* ContentView.swift */ = {isa = PBXFileReference; lastKnownFileType = sourcecode.swift; path = ContentView.swift; sourceTree = "<group>"; };
		5E474CC925DC3D23006BB83B /* Assets.xcassets */ = {isa = PBXFileReference; lastKnownFileType = folder.assetcatalog; path = Assets.xcassets; sourceTree = "<group>"; };
		5E474CCC25DC3D23006BB83B /* Preview Assets.xcassets */ = {isa = PBXFileReference; lastKnownFileType = folder.assetcatalog; path = "Preview Assets.xcassets"; sourceTree = "<group>"; };
		5E474CCE25DC3D23006BB83B /* Info.plist */ = {isa = PBXFileReference; lastKnownFileType = text.plist.xml; path = Info.plist; sourceTree = "<group>"; };
		5E474CD525DC3D65006BB83B /* CPPtoSwiftExample-Bridging-Header.h */ = {isa = PBXFileReference; lastKnownFileType = sourcecode.c.h; path = "CPPtoSwiftExample-Bridging-Header.h"; sourceTree = "<group>"; };
		5E474CD625DC3D65006BB83B /* HelloWorld.cpp */ = {isa = PBXFileReference; lastKnownFileType = sourcecode.cpp.cpp; path = HelloWorld.cpp; sourceTree = "<group>"; };
		5E474CD725DC3D65006BB83B /* HelloWorld.hpp */ = {isa = PBXFileReference; lastKnownFileType = sourcecode.cpp.h; path = HelloWorld.hpp; sourceTree = "<group>"; };
		5E474CDA25DC3DC0006BB83B /* HelloWorldWrapper.h */ = {isa = PBXFileReference; lastKnownFileType = sourcecode.c.h; path = HelloWorldWrapper.h; sourceTree = "<group>"; };
		5E474CDB25DC3E07006BB83B /* HelloWorldWrapper.mm */ = {isa = PBXFileReference; lastKnownFileType = sourcecode.cpp.objcpp; path = HelloWorldWrapper.mm; sourceTree = "<group>"; };
/* End PBXFileReference section */

/* Begin PBXFrameworksBuildPhase section */
		5E474CBF25DC3D20006BB83B /* Frameworks */ = {
			isa = PBXFrameworksBuildPhase;
			buildActionMask = 2147483647;
			files = (
			);
			runOnlyForDeploymentPostprocessing = 0;
		};
/* End PBXFrameworksBuildPhase section */

/* Begin PBXGroup section */
		5E474CB925DC3D20006BB83B = {
			isa = PBXGroup;
			children = (
				5E474CC425DC3D20006BB83B /* CPPtoSwiftExample */,
				5E474CC325DC3D20006BB83B /* Products */,
			);
			sourceTree = "<group>";
		};
		5E474CC325DC3D20006BB83B /* Products */ = {
			isa = PBXGroup;
			children = (
				5E474CC225DC3D20006BB83B /* CPPtoSwiftExample.app */,
			);
			name = Products;
			sourceTree = "<group>";
		};
		5E474CC425DC3D20006BB83B /* CPPtoSwiftExample */ = {
			isa = PBXGroup;
			children = (
				5E474CC525DC3D20006BB83B /* CPPtoSwiftExampleApp.swift */,
				5E474CC725DC3D20006BB83B /* ContentView.swift */,
				5E474CC925DC3D23006BB83B /* Assets.xcassets */,
				5E474CCE25DC3D23006BB83B /* Info.plist */,
				5E474CCB25DC3D23006BB83B /* Preview Content */,
				5E474CD625DC3D65006BB83B /* HelloWorld.cpp */,
				5E474CDA25DC3DC0006BB83B /* HelloWorldWrapper.h */,
				5E474CDB25DC3E07006BB83B /* HelloWorldWrapper.mm */,
				5E474CD725DC3D65006BB83B /* HelloWorld.hpp */,
				5E474CD525DC3D65006BB83B /* CPPtoSwiftExample-Bridging-Header.h */,
			);
			path = CPPtoSwiftExample;
			sourceTree = "<group>";
		};
		5E474CCB25DC3D23006BB83B /* Preview Content */ = {
			isa = PBXGroup;
			children = (
				5E474CCC25DC3D23006BB83B /* Preview Assets.xcassets */,
			);
			path = "Preview Content";
			sourceTree = "<group>";
		};
/* End PBXGroup section */

/* Begin PBXNativeTarget section */
		5E474CC125DC3D20006BB83B /* CPPtoSwiftExample */ = {
			isa = PBXNativeTarget;
			buildConfigurationList = 5E474CD125DC3D23006BB83B /* Build configuration list for PBXNativeTarget "CPPtoSwiftExample" */;
			buildPhases = (
				5E474CBE25DC3D20006BB83B /* Sources */,
				5E474CBF25DC3D20006BB83B /* Frameworks */,
				5E474CC025DC3D20006BB83B /* Resources */,
			);
			buildRules = (
			);
			dependencies = (
			);
			name = CPPtoSwiftExample;
			productName = CPPtoSwiftExample;
			productReference = 5E474CC225DC3D20006BB83B /* CPPtoSwiftExample.app */;
			productType = "com.apple.product-type.application";
		};
/* End PBXNativeTarget section */

/* Begin PBXProject section */
		5E474CBA25DC3D20006BB83B /* Project object */ = {
			isa = PBXProject;
			attributes = {
				LastSwiftUpdateCheck = 1240;
				LastUpgradeCheck = 1240;
				TargetAttributes = {
					5E474CC125DC3D20006BB83B = {
						CreatedOnToolsVersion = 12.4;
						LastSwiftMigration = 1240;
					};
				};
			};
			buildConfigurationList = 5E474CBD25DC3D20006BB83B /* Build configuration list for PBXProject "CPPtoSwiftExample" */;
			compatibilityVersion = "Xcode 9.3";
			developmentRegion = en;
			hasScannedForEncodings = 0;
			knownRegions = (
				en,
				Base,
			);
			mainGroup = 5E474CB925DC3D20006BB83B;
			productRefGroup = 5E474CC325DC3D20006BB83B /* Products */;
			projectDirPath = "";
			projectRoot = "";
			targets = (
				5E474CC125DC3D20006BB83B /* CPPtoSwiftExample */,
			);
		};
/* End PBXProject section */

/* Begin PBXResourcesBuildPhase section */
		5E474CC025DC3D20006BB83B /* Resources */ = {
			isa = PBXResourcesBuildPhase;
			buildActionMask = 2147483647;
			files = (
				5E474CCD25DC3D23006BB83B /* Preview Assets.xcassets in Resources */,
				5E474CCA25DC3D23006BB83B /* Assets.xcassets in Resources */,
			);
			runOnlyForDeploymentPostprocessing = 0;
		};
/* End PBXResourcesBuildPhase section */

/* Begin PBXSourcesBuildPhase section */
		5E474CBE25DC3D20006BB83B /* Sources */ = {
			isa = PBXSourcesBuildPhase;
			buildActionMask = 2147483647;
			files = (
				5E474CD825DC3D66006BB83B /* HelloWorld.cpp in Sources */,
				5E474CC825DC3D20006BB83B /* ContentView.swift in Sources */,
				5E474CC625DC3D20006BB83B /* CPPtoSwiftExampleApp.swift in Sources */,
				5E474CDC25DC3E07006BB83B /* HelloWorldWrapper.mm in Sources */,
			);
			runOnlyForDeploymentPostprocessing = 0;
		};
/* End PBXSourcesBuildPhase section */

/* Begin XCBuildConfiguration section */
		5E474CCF25DC3D23006BB83B /* Debug */ = {
			isa = XCBuildConfiguration;
			buildSettings = {
				ALWAYS_SEARCH_USER_PATHS = NO;
				CLANG_ANALYZER_NONNULL = YES;
				CLANG_ANALYZER_NUMBER_OBJECT_CONVERSION = YES_AGGRESSIVE;
				CLANG_CXX_LANGUAGE_STANDARD = "gnu++14";
				CLANG_CXX_LIBRARY = "libc++";
				CLANG_ENABLE_MODULES = YES;
				CLANG_ENABLE_OBJC_ARC = YES;
				CLANG_ENABLE_OBJC_WEAK = YES;
				CLANG_WARN_BLOCK_CAPTURE_AUTORELEASING = YES;
				CLANG_WARN_BOOL_CONVERSION = YES;
				CLANG_WARN_COMMA = YES;
				CLANG_WARN_CONSTANT_CONVERSION = YES;
				CLANG_WARN_DEPRECATED_OBJC_IMPLEMENTATIONS = YES;
				CLANG_WARN_DIRECT_OBJC_ISA_USAGE = YES_ERROR;
				CLANG_WARN_DOCUMENTATION_COMMENTS = YES;
				CLANG_WARN_EMPTY_BODY = YES;
				CLANG_WARN_ENUM_CONVERSION = YES;
				CLANG_WARN_INFINITE_RECURSION = YES;
				CLANG_WARN_INT_CONVERSION = YES;
				CLANG_WARN_NON_LITERAL_NULL_CONVERSION = YES;
				CLANG_WARN_OBJC_IMPLICIT_RETAIN_SELF = YES;
				CLANG_WARN_OBJC_LITERAL_CONVERSION = YES;
				CLANG_WARN_OBJC_ROOT_CLASS = YES_ERROR;
				CLANG_WARN_QUOTED_INCLUDE_IN_FRAMEWORK_HEADER = YES;
				CLANG_WARN_RANGE_LOOP_ANALYSIS = YES;
				CLANG_WARN_STRICT_PROTOTYPES = YES;
				CLANG_WARN_SUSPICIOUS_MOVE = YES;
				CLANG_WARN_UNGUARDED_AVAILABILITY = YES_AGGRESSIVE;
				CLANG_WARN_UNREACHABLE_CODE = YES;
				CLANG_WARN__DUPLICATE_METHOD_MATCH = YES;
				COPY_PHASE_STRIP = NO;
				DEBUG_INFORMATION_FORMAT = dwarf;
				ENABLE_STRICT_OBJC_MSGSEND = YES;
				ENABLE_TESTABILITY = YES;
				GCC_C_LANGUAGE_STANDARD = gnu11;
				GCC_DYNAMIC_NO_PIC = NO;
				GCC_NO_COMMON_BLOCKS = YES;
				GCC_OPTIMIZATION_LEVEL = 0;
				GCC_PREPROCESSOR_DEFINITIONS = (
					"DEBUG=1",
					"$(inherited)",
				);
				GCC_WARN_64_TO_32_BIT_CONVERSION = YES;
				GCC_WARN_ABOUT_RETURN_TYPE = YES_ERROR;
				GCC_WARN_UNDECLARED_SELECTOR = YES;
				GCC_WARN_UNINITIALIZED_AUTOS = YES_AGGRESSIVE;
				GCC_WARN_UNUSED_FUNCTION = YES;
				GCC_WARN_UNUSED_VARIABLE = YES;
				IPHONEOS_DEPLOYMENT_TARGET = 14.4;
				MTL_ENABLE_DEBUG_INFO = INCLUDE_SOURCE;
				MTL_FAST_MATH = YES;
				ONLY_ACTIVE_ARCH = YES;
				SDKROOT = iphoneos;
				SWIFT_ACTIVE_COMPILATION_CONDITIONS = DEBUG;
				SWIFT_OPTIMIZATION_LEVEL = "-Onone";
			};
			name = Debug;
		};
		5E474CD025DC3D23006BB83B /* Release */ = {
			isa = XCBuildConfiguration;
			buildSettings = {
				ALWAYS_SEARCH_USER_PATHS = NO;
				CLANG_ANALYZER_NONNULL = YES;
				CLANG_ANALYZER_NUMBER_OBJECT_CONVERSION = YES_AGGRESSIVE;
				CLANG_CXX_LANGUAGE_STANDARD = "gnu++14";
				CLANG_CXX_LIBRARY = "libc++";
				CLANG_ENABLE_MODULES = YES;
				CLANG_ENABLE_OBJC_ARC = YES;
				CLANG_ENABLE_OBJC_WEAK = YES;
				CLANG_WARN_BLOCK_CAPTURE_AUTORELEASING = YES;
				CLANG_WARN_BOOL_CONVERSION = YES;
				CLANG_WARN_COMMA = YES;
				CLANG_WARN_CONSTANT_CONVERSION = YES;
				CLANG_WARN_DEPRECATED_OBJC_IMPLEMENTATIONS = YES;
				CLANG_WARN_DIRECT_OBJC_ISA_USAGE = YES_ERROR;
				CLANG_WARN_DOCUMENTATION_COMMENTS = YES;
				CLANG_WARN_EMPTY_BODY = YES;
				CLANG_WARN_ENUM_CONVERSION = YES;
				CLANG_WARN_INFINITE_RECURSION = YES;
				CLANG_WARN_INT_CONVERSION = YES;
				CLANG_WARN_NON_LITERAL_NULL_CONVERSION = YES;
				CLANG_WARN_OBJC_IMPLICIT_RETAIN_SELF = YES;
				CLANG_WARN_OBJC_LITERAL_CONVERSION = YES;
				CLANG_WARN_OBJC_ROOT_CLASS = YES_ERROR;
				CLANG_WARN_QUOTED_INCLUDE_IN_FRAMEWORK_HEADER = YES;
				CLANG_WARN_RANGE_LOOP_ANALYSIS = YES;
				CLANG_WARN_STRICT_PROTOTYPES = YES;
				CLANG_WARN_SUSPICIOUS_MOVE = YES;
				CLANG_WARN_UNGUARDED_AVAILABILITY = YES_AGGRESSIVE;
				CLANG_WARN_UNREACHABLE_CODE = YES;
				CLANG_WARN__DUPLICATE_METHOD_MATCH = YES;
				COPY_PHASE_STRIP = NO;
				DEBUG_INFORMATION_FORMAT = "dwarf-with-dsym";
				ENABLE_NS_ASSERTIONS = NO;
				ENABLE_STRICT_OBJC_MSGSEND = YES;
				GCC_C_LANGUAGE_STANDARD = gnu11;
				GCC_NO_COMMON_BLOCKS = YES;
				GCC_WARN_64_TO_32_BIT_CONVERSION = YES;
				GCC_WARN_ABOUT_RETURN_TYPE = YES_ERROR;
				GCC_WARN_UNDECLARED_SELECTOR = YES;
				GCC_WARN_UNINITIALIZED_AUTOS = YES_AGGRESSIVE;
				GCC_WARN_UNUSED_FUNCTION = YES;
				GCC_WARN_UNUSED_VARIABLE = YES;
				IPHONEOS_DEPLOYMENT_TARGET = 14.4;
				MTL_ENABLE_DEBUG_INFO = NO;
				MTL_FAST_MATH = YES;
				SDKROOT = iphoneos;
				SWIFT_COMPILATION_MODE = wholemodule;
				SWIFT_OPTIMIZATION_LEVEL = "-O";
				VALIDATE_PRODUCT = YES;
			};
			name = Release;
		};
		5E474CD225DC3D23006BB83B /* Debug */ = {
			isa = XCBuildConfiguration;
			buildSettings = {
				ASSETCATALOG_COMPILER_APPICON_NAME = AppIcon;
				ASSETCATALOG_COMPILER_GLOBAL_ACCENT_COLOR_NAME = AccentColor;
				CLANG_ENABLE_MODULES = YES;
				CODE_SIGN_STYLE = Automatic;
				DEVELOPMENT_ASSET_PATHS = "\"CPPtoSwiftExample/Preview Content\"";
				DEVELOPMENT_TEAM = 5PKBVW8P3C;
				ENABLE_PREVIEWS = YES;
				INFOPLIST_FILE = CPPtoSwiftExample/Info.plist;
				IPHONEOS_DEPLOYMENT_TARGET = 14.0;
				LD_RUNPATH_SEARCH_PATHS = (
					"$(inherited)",
					"@executable_path/Frameworks",
				);
				PRODUCT_BUNDLE_IDENTIFIER = com.Quintana.CPPtoSwiftExample;
				PRODUCT_NAME = "$(TARGET_NAME)";
				SWIFT_OBJC_BRIDGING_HEADER = "CPPtoSwiftExample/CPPtoSwiftExample-Bridging-Header.h";
				SWIFT_OPTIMIZATION_LEVEL = "-Onone";
				SWIFT_VERSION = 5.0;
				TARGETED_DEVICE_FAMILY = "1,2";
			};
			name = Debug;
		};
		5E474CD325DC3D23006BB83B /* Release */ = {
			isa = XCBuildConfiguration;
			buildSettings = {
				ASSETCATALOG_COMPILER_APPICON_NAME = AppIcon;
				ASSETCATALOG_COMPILER_GLOBAL_ACCENT_COLOR_NAME = AccentColor;
				CLANG_ENABLE_MODULES = YES;
				CODE_SIGN_STYLE = Automatic;
				DEVELOPMENT_ASSET_PATHS = "\"CPPtoSwiftExample/Preview Content\"";
				DEVELOPMENT_TEAM = 5PKBVW8P3C;
				ENABLE_PREVIEWS = YES;
				INFOPLIST_FILE = CPPtoSwiftExample/Info.plist;
				IPHONEOS_DEPLOYMENT_TARGET = 14.0;
				LD_RUNPATH_SEARCH_PATHS = (
					"$(inherited)",
					"@executable_path/Frameworks",
				);
				PRODUCT_BUNDLE_IDENTIFIER = com.Quintana.CPPtoSwiftExample;
				PRODUCT_NAME = "$(TARGET_NAME)";
				SWIFT_OBJC_BRIDGING_HEADER = "CPPtoSwiftExample/CPPtoSwiftExample-Bridging-Header.h";
				SWIFT_VERSION = 5.0;
				TARGETED_DEVICE_FAMILY = "1,2";
			};
			name = Release;
		};
/* End XCBuildConfiguration section */

/* Begin XCConfigurationList section */
		5E474CBD25DC3D20006BB83B /* Build configuration list for PBXProject "CPPtoSwiftExample" */ = {
			isa = XCConfigurationList;
			buildConfigurations = (
				5E474CCF25DC3D23006BB83B /* Debug */,
				5E474CD025DC3D23006BB83B /* Release */,
			);
			defaultConfigurationIsVisible = 0;
			defaultConfigurationName = Release;
		};
		5E474CD125DC3D23006BB83B /* Build configuration list for PBXNativeTarget "CPPtoSwiftExample" */ = {
			isa = XCConfigurationList;
			buildConfigurations = (
				5E474CD225DC3D23006BB83B /* Debug */,
				5E474CD325DC3D23006BB83B /* Release */,
			);
			defaultConfigurationIsVisible = 0;
			defaultConfigurationName = Release;
		};
/* End XCConfigurationList section */
	};
	rootObject = 5E474CBA25DC3D20006BB83B /* Project object */;
}
